
Microsoft Visual Studio Solution File, Format Version 11.00
# Visual Studio 2010
Project("{FAE04EC0-301F-11D3-BF4B-00C04F79EFBC}") = "Assembly-CSharp", "Assembly-CSharp.csproj", "{38facb7d-06fb-6f12-cd5a-f7c06af28835}"
EndProject
Project("{FAE04EC0-301F-11D3-BF4B-00C04F79EFBC}") = "Assembly-CSharp-Editor", "Assembly-CSharp-Editor.csproj", "{52ea41ed-df77-4704-44ce-97d149fc7426}"
EndProject
Global
	GlobalSection(SolutionConfigurationPlatforms) = preSolution
		Debug|Any CPU = Debug|Any CPU
	EndGlobalSection
	GlobalSection(ProjectConfigurationPlatforms) = postSolution
		{38facb7d-06fb-6f12-cd5a-f7c06af28835}.Debug|Any CPU.ActiveCfg = Debug|Any CPU
		{38facb7d-06fb-6f12-cd5a-f7c06af28835}.Debug|Any CPU.Build.0 = Debug|Any CPU
		{52ea41ed-df77-4704-44ce-97d149fc7426}.Debug|Any CPU.ActiveCfg = Debug|Any CPU
		{52ea41ed-df77-4704-44ce-97d149fc7426}.Debug|Any CPU.Build.0 = Debug|Any CPU
	EndGlobalSection
	GlobalSection(SolutionProperties) = preSolution
		HideSolutionNode = FALSE
	EndGlobalSection
EndGlobal
